
Microsoft Visual Studio Solution File, Format Version 11.00
# Visual C++ Express 2010
Project("{8BC9CEB8-8B4A-11D0-8D11-00A0C91BC942}") = "bst-strukdat", "bst-strukdat\bst-strukdat.vcxproj", "{A0A5669F-7CC2-4699-8EA4-761E2635E0DC}"
EndProject
Global
	GlobalSection(SolutionConfigurationPlatforms) = preSolution
		Debug|Win32 = Debug|Win32
		Release|Win32 = Release|Win32
	EndGlobalSection
	GlobalSection(ProjectConfigurationPlatforms) = postSolution
		{A0A5669F-7CC2-4699-8EA4-761E2635E0DC}.Debug|Win32.ActiveCfg = Debug|Win32
		{A0A5669F-7CC2-4699-8EA4-761E2635E0DC}.Debug|Win32.Build.0 = Debug|Win32
		{A0A5669F-7CC2-4699-8EA4-761E2635E0DC}.Release|Win32.ActiveCfg = Release|Win32
		{A0A5669F-7CC2-4699-8EA4-761E2635E0DC}.Release|Win32.Build.0 = Release|Win32
	EndGlobalSection
	GlobalSection(SolutionProperties) = preSolution
		HideSolutionNode = FALSE
	EndGlobalSection
EndGlobal
